// !$*UTF8*$!
{
	archiveVersion = 1;
	classes = {
	};
	objectVersion = 50;
	objects = {

/* Begin PBXBuildFile section */
		5AFF8E95235A4EC80022F582 /* AppDelegate.swift in Sources */ = {isa = PBXBuildFile; fileRef = 5AFF8E94235A4EC80022F582 /* AppDelegate.swift */; };
		5AFF8E97235A4EC80022F582 /* ViewController.swift in Sources */ = {isa = PBXBuildFile; fileRef = 5AFF8E96235A4EC80022F582 /* ViewController.swift */; };
		5AFF8E9A235A4EC80022F582 /* Main.storyboard in Resources */ = {isa = PBXBuildFile; fileRef = 5AFF8E98235A4EC80022F582 /* Main.storyboard */; };
		5AFF8E9C235A4ECA0022F582 /* Assets.xcassets in Resources */ = {isa = PBXBuildFile; fileRef = 5AFF8E9B235A4ECA0022F582 /* Assets.xcassets */; };
		5AFF8E9F235A4ECA0022F582 /* LaunchScreen.storyboard in Resources */ = {isa = PBXBuildFile; fileRef = 5AFF8E9D235A4ECA0022F582 /* LaunchScreen.storyboard */; };
		5AFF8EAA235A4ECA0022F582 /* flixsterTests.swift in Sources */ = {isa = PBXBuildFile; fileRef = 5AFF8EA9235A4ECA0022F582 /* flixsterTests.swift */; };
		5AFF8EB5235A4ECA0022F582 /* flixsterUITests.swift in Sources */ = {isa = PBXBuildFile; fileRef = 5AFF8EB4235A4ECA0022F582 /* flixsterUITests.swift */; };
		5AFF8EEC235A54EA0022F582 /* MoviesViewController.swift in Sources */ = {isa = PBXBuildFile; fileRef = 5AFF8EEB235A54EA0022F582 /* MoviesViewController.swift */; };
		5AFF8EEE235AC5D50022F582 /* MovieCell.swift in Sources */ = {isa = PBXBuildFile; fileRef = 5AFF8EED235AC5D50022F582 /* MovieCell.swift */; };
/* End PBXBuildFile section */

/* Begin PBXContainerItemProxy section */
		5AFF8EA6235A4ECA0022F582 /* PBXContainerItemProxy */ = {
			isa = PBXContainerItemProxy;
			containerPortal = 5AFF8E89235A4EC80022F582 /* Project object */;
			proxyType = 1;
			remoteGlobalIDString = 5AFF8E90235A4EC80022F582;
			remoteInfo = flixster;
		};
		5AFF8EB1235A4ECA0022F582 /* PBXContainerItemProxy */ = {
			isa = PBXContainerItemProxy;
			containerPortal = 5AFF8E89235A4EC80022F582 /* Project object */;
			proxyType = 1;
			remoteGlobalIDString = 5AFF8E90235A4EC80022F582;
			remoteInfo = flixster;
		};
/* End PBXContainerItemProxy section */

/* Begin PBXFileReference section */
		5AFF8E91235A4EC80022F582 /* flixster.app */ = {isa = PBXFileReference; explicitFileType = wrapper.application; includeInIndex = 0; path = flixster.app; sourceTree = BUILT_PRODUCTS_DIR; };
		5AFF8E94235A4EC80022F582 /* AppDelegate.swift */ = {isa = PBXFileReference; lastKnownFileType = sourcecode.swift; path = AppDelegate.swift; sourceTree = "<group>"; };
		5AFF8E96235A4EC80022F582 /* ViewController.swift */ = {isa = PBXFileReference; lastKnownFileType = sourcecode.swift; path = ViewController.swift; sourceTree = "<group>"; };
		5AFF8E99235A4EC80022F582 /* Base */ = {isa = PBXFileReference; lastKnownFileType = file.storyboard; name = Base; path = Base.lproj/Main.storyboard; sourceTree = "<group>"; };
		5AFF8E9B235A4ECA0022F582 /* Assets.xcassets */ = {isa = PBXFileReference; lastKnownFileType = folder.assetcatalog; path = Assets.xcassets; sourceTree = "<group>"; };
		5AFF8E9E235A4ECA0022F582 /* Base */ = {isa = PBXFileReference; lastKnownFileType = file.storyboard; name = Base; path = Base.lproj/LaunchScreen.storyboard; sourceTree = "<group>"; };
		5AFF8EA0235A4ECA0022F582 /* Info.plist */ = {isa = PBXFileReference; lastKnownFileType = text.plist.xml; path = Info.plist; sourceTree = "<group>"; };
		5AFF8EA5235A4ECA0022F582 /* flixsterTests.xctest */ = {isa = PBXFileReference; explicitFileType = wrapper.cfbundle; includeInIndex = 0; path = flixsterTests.xctest; sourceTree = BUILT_PRODUCTS_DIR; };
		5AFF8EA9235A4ECA0022F582 /* flixsterTests.swift */ = {isa = PBXFileReference; lastKnownFileType = sourcecode.swift; path = flixsterTests.swift; sourceTree = "<group>"; };
		5AFF8EAB235A4ECA0022F582 /* Info.plist */ = {isa = PBXFileReference; lastKnownFileType = text.plist.xml; path = Info.plist; sourceTree = "<group>"; };
		5AFF8EB0235A4ECA0022F582 /* flixsterUITests.xctest */ = {isa = PBXFileReference; explicitFileType = wrapper.cfbundle; includeInIndex = 0; path = flixsterUITests.xctest; sourceTree = BUILT_PRODUCTS_DIR; };
		5AFF8EB4235A4ECA0022F582 /* flixsterUITests.swift */ = {isa = PBXFileReference; lastKnownFileType = sourcecode.swift; path = flixsterUITests.swift; sourceTree = "<group>"; };
		5AFF8EB6235A4ECA0022F582 /* Info.plist */ = {isa = PBXFileReference; lastKnownFileType = text.plist.xml; path = Info.plist; sourceTree = "<group>"; };
		5AFF8EEB235A54EA0022F582 /* MoviesViewController.swift */ = {isa = PBXFileReference; lastKnownFileType = sourcecode.swift; path = MoviesViewController.swift; sourceTree = "<group>"; };
		5AFF8EED235AC5D50022F582 /* MovieCell.swift */ = {isa = PBXFileReference; lastKnownFileType = sourcecode.swift; path = MovieCell.swift; sourceTree = "<group>"; };
/* End PBXFileReference section */

/* Begin PBXFrameworksBuildPhase section */
		5AFF8E8E235A4EC80022F582 /* Frameworks */ = {
			isa = PBXFrameworksBuildPhase;
			buildActionMask = 2147483647;
			files = (
			);
			runOnlyForDeploymentPostprocessing = 0;
		};
		5AFF8EA2235A4ECA0022F582 /* Frameworks */ = {
			isa = PBXFrameworksBuildPhase;
			buildActionMask = 2147483647;
			files = (
			);
			runOnlyForDeploymentPostprocessing = 0;
		};
		5AFF8EAD235A4ECA0022F582 /* Frameworks */ = {
			isa = PBXFrameworksBuildPhase;
			buildActionMask = 2147483647;
			files = (
			);
			runOnlyForDeploymentPostprocessing = 0;
		};
/* End PBXFrameworksBuildPhase section */

/* Begin PBXGroup section */
		5AFF8E88235A4EC70022F582 = {
			isa = PBXGroup;
			children = (
				5AFF8E93235A4EC80022F582 /* flixster */,
				5AFF8EA8235A4ECA0022F582 /* flixsterTests */,
				5AFF8EB3235A4ECA0022F582 /* flixsterUITests */,
				5AFF8E92235A4EC80022F582 /* Products */,
			);
			sourceTree = "<group>";
		};
		5AFF8E92235A4EC80022F582 /* Products */ = {
			isa = PBXGroup;
			children = (
				5AFF8E91235A4EC80022F582 /* flixster.app */,
				5AFF8EA5235A4ECA0022F582 /* flixsterTests.xctest */,
				5AFF8EB0235A4ECA0022F582 /* flixsterUITests.xctest */,
			);
			name = Products;
			sourceTree = "<group>";
		};
		5AFF8E93235A4EC80022F582 /* flixster */ = {
			isa = PBXGroup;
			children = (
				5AFF8E94235A4EC80022F582 /* AppDelegate.swift */,
				5AFF8E96235A4EC80022F582 /* ViewController.swift */,
				5AFF8E98235A4EC80022F582 /* Main.storyboard */,
				5AFF8E9B235A4ECA0022F582 /* Assets.xcassets */,
				5AFF8E9D235A4ECA0022F582 /* LaunchScreen.storyboard */,
				5AFF8EA0235A4ECA0022F582 /* Info.plist */,
				5AFF8EEB235A54EA0022F582 /* MoviesViewController.swift */,
				5AFF8EED235AC5D50022F582 /* MovieCell.swift */,
			);
			path = flixster;
			sourceTree = "<group>";
		};
		5AFF8EA8235A4ECA0022F582 /* flixsterTests */ = {
			isa = PBXGroup;
			children = (
				5AFF8EA9235A4ECA0022F582 /* flixsterTests.swift */,
				5AFF8EAB235A4ECA0022F582 /* Info.plist */,
			);
			path = flixsterTests;
			sourceTree = "<group>";
		};
		5AFF8EB3235A4ECA0022F582 /* flixsterUITests */ = {
			isa = PBXGroup;
			children = (
				5AFF8EB4235A4ECA0022F582 /* flixsterUITests.swift */,
				5AFF8EB6235A4ECA0022F582 /* Info.plist */,
			);
			path = flixsterUITests;
			sourceTree = "<group>";
		};
/* End PBXGroup section */

/* Begin PBXNativeTarget section */
		5AFF8E90235A4EC80022F582 /* flixster */ = {
			isa = PBXNativeTarget;
			buildConfigurationList = 5AFF8EB9235A4ECA0022F582 /* Build configuration list for PBXNativeTarget "flixster" */;
			buildPhases = (
				5AFF8E8D235A4EC80022F582 /* Sources */,
				5AFF8E8E235A4EC80022F582 /* Frameworks */,
				5AFF8E8F235A4EC80022F582 /* Resources */,
			);
			buildRules = (
			);
			dependencies = (
			);
			name = flixster;
			productName = flixster;
			productReference = 5AFF8E91235A4EC80022F582 /* flixster.app */;
			productType = "com.apple.product-type.application";
		};
		5AFF8EA4235A4ECA0022F582 /* flixsterTests */ = {
			isa = PBXNativeTarget;
			buildConfigurationList = 5AFF8EBC235A4ECA0022F582 /* Build configuration list for PBXNativeTarget "flixsterTests" */;
			buildPhases = (
				5AFF8EA1235A4ECA0022F582 /* Sources */,
				5AFF8EA2235A4ECA0022F582 /* Frameworks */,
				5AFF8EA3235A4ECA0022F582 /* Resources */,
			);
			buildRules = (
			);
			dependencies = (
				5AFF8EA7235A4ECA0022F582 /* PBXTargetDependency */,
			);
			name = flixsterTests;
			productName = flixsterTests;
			productReference = 5AFF8EA5235A4ECA0022F582 /* flixsterTests.xctest */;
			productType = "com.apple.product-type.bundle.unit-test";
		};
		5AFF8EAF235A4ECA0022F582 /* flixsterUITests */ = {
			isa = PBXNativeTarget;
			buildConfigurationList = 5AFF8EBF235A4ECA0022F582 /* Build configuration list for PBXNativeTarget "flixsterUITests" */;
			buildPhases = (
				5AFF8EAC235A4ECA0022F582 /* Sources */,
				5AFF8EAD235A4ECA0022F582 /* Frameworks */,
				5AFF8EAE235A4ECA0022F582 /* Resources */,
			);
			buildRules = (
			);
			dependencies = (
				5AFF8EB2235A4ECA0022F582 /* PBXTargetDependency */,
			);
			name = flixsterUITests;
			productName = flixsterUITests;
			productReference = 5AFF8EB0235A4ECA0022F582 /* flixsterUITests.xctest */;
			productType = "com.apple.product-type.bundle.ui-testing";
		};
/* End PBXNativeTarget section */

/* Begin PBXProject section */
		5AFF8E89235A4EC80022F582 /* Project object */ = {
			isa = PBXProject;
			attributes = {
				LastSwiftUpdateCheck = 0940;
				LastUpgradeCheck = 0940;
				ORGANIZATIONNAME = divyanagaraj;
				TargetAttributes = {
					5AFF8E90235A4EC80022F582 = {
						CreatedOnToolsVersion = 9.4.1;
					};
					5AFF8EA4235A4ECA0022F582 = {
						CreatedOnToolsVersion = 9.4.1;
						TestTargetID = 5AFF8E90235A4EC80022F582;
					};
					5AFF8EAF235A4ECA0022F582 = {
						CreatedOnToolsVersion = 9.4.1;
						TestTargetID = 5AFF8E90235A4EC80022F582;
					};
				};
			};
			buildConfigurationList = 5AFF8E8C235A4EC80022F582 /* Build configuration list for PBXProject "flixster" */;
			compatibilityVersion = "Xcode 9.3";
			developmentRegion = en;
			hasScannedForEncodings = 0;
			knownRegions = (
				en,
				Base,
			);
			mainGroup = 5AFF8E88235A4EC70022F582;
			productRefGroup = 5AFF8E92235A4EC80022F582 /* Products */;
			projectDirPath = "";
			projectRoot = "";
			targets = (
				5AFF8E90235A4EC80022F582 /* flixster */,
				5AFF8EA4235A4ECA0022F582 /* flixsterTests */,
				5AFF8EAF235A4ECA0022F582 /* flixsterUITests */,
			);
		};
/* End PBXProject section */

/* Begin PBXResourcesBuildPhase section */
		5AFF8E8F235A4EC80022F582 /* Resources */ = {
			isa = PBXResourcesBuildPhase;
			buildActionMask = 2147483647;
			files = (
				5AFF8E9F235A4ECA0022F582 /* LaunchScreen.storyboard in Resources */,
				5AFF8E9C235A4ECA0022F582 /* Assets.xcassets in Resources */,
				5AFF8E9A235A4EC80022F582 /* Main.storyboard in Resources */,
			);
			runOnlyForDeploymentPostprocessing = 0;
		};
		5AFF8EA3235A4ECA0022F582 /* Resources */ = {
			isa = PBXResourcesBuildPhase;
			buildActionMask = 2147483647;
			files = (
			);
			runOnlyForDeploymentPostprocessing = 0;
		};
		5AFF8EAE235A4ECA0022F582 /* Resources */ = {
			isa = PBXResourcesBuildPhase;
			buildActionMask = 2147483647;
			files = (
			);
			runOnlyForDeploymentPostprocessing = 0;
		};
/* End PBXResourcesBuildPhase section */

/* Begin PBXSourcesBuildPhase section */
		5AFF8E8D235A4EC80022F582 /* Sources */ = {
			isa = PBXSourcesBuildPhase;
			buildActionMask = 2147483647;
			files = (
				5AFF8E97235A4EC80022F582 /* ViewController.swift in Sources */,
				5AFF8E95235A4EC80022F582 /* AppDelegate.swift in Sources */,
				5AFF8EEE235AC5D50022F582 /* MovieCell.swift in Sources */,
				5AFF8EEC235A54EA0022F582 /* MoviesViewController.swift in Sources */,
			);
			runOnlyForDeploymentPostprocessing = 0;
		};
		5AFF8EA1235A4ECA0022F582 /* Sources */ = {
			isa = PBXSourcesBuildPhase;
			buildActionMask = 2147483647;
			files = (
				5AFF8EAA235A4ECA0022F582 /* flixsterTests.swift in Sources */,
			);
			runOnlyForDeploymentPostprocessing = 0;
		};
		5AFF8EAC235A4ECA0022F582 /* Sources */ = {
			isa = PBXSourcesBuildPhase;
			buildActionMask = 2147483647;
			files = (
				5AFF8EB5235A4ECA0022F582 /* flixsterUITests.swift in Sources */,
			);
			runOnlyForDeploymentPostprocessing = 0;
		};
/* End PBXSourcesBuildPhase section */

/* Begin PBXTargetDependency section */
		5AFF8EA7235A4ECA0022F582 /* PBXTargetDependency */ = {
			isa = PBXTargetDependency;
			target = 5AFF8E90235A4EC80022F582 /* flixster */;
			targetProxy = 5AFF8EA6235A4ECA0022F582 /* PBXContainerItemProxy */;
		};
		5AFF8EB2235A4ECA0022F582 /* PBXTargetDependency */ = {
			isa = PBXTargetDependency;
			target = 5AFF8E90235A4EC80022F582 /* flixster */;
			targetProxy = 5AFF8EB1235A4ECA0022F582 /* PBXContainerItemProxy */;
		};
/* End PBXTargetDependency section */

/* Begin PBXVariantGroup section */
		5AFF8E98235A4EC80022F582 /* Main.storyboard */ = {
			isa = PBXVariantGroup;
			children = (
				5AFF8E99235A4EC80022F582 /* Base */,
			);
			name = Main.storyboard;
			sourceTree = "<group>";
		};
		5AFF8E9D235A4ECA0022F582 /* LaunchScreen.storyboard */ = {
			isa = PBXVariantGroup;
			children = (
				5AFF8E9E235A4ECA0022F582 /* Base */,
			);
			name = LaunchScreen.storyboard;
			sourceTree = "<group>";
		};
/* End PBXVariantGroup section */

/* Begin XCBuildConfiguration section */
		5AFF8EB7235A4ECA0022F582 /* Debug */ = {
			isa = XCBuildConfiguration;
			buildSettings = {
				ALWAYS_SEARCH_USER_PATHS = NO;
				CLANG_ANALYZER_NONNULL = YES;
				CLANG_ANALYZER_NUMBER_OBJECT_CONVERSION = YES_AGGRESSIVE;
				CLANG_CXX_LANGUAGE_STANDARD = "gnu++14";
				CLANG_CXX_LIBRARY = "libc++";
				CLANG_ENABLE_MODULES = YES;
				CLANG_ENABLE_OBJC_ARC = YES;
				CLANG_ENABLE_OBJC_WEAK = YES;
				CLANG_WARN_BLOCK_CAPTURE_AUTORELEASING = YES;
				CLANG_WARN_BOOL_CONVERSION = YES;
				CLANG_WARN_COMMA = YES;
				CLANG_WARN_CONSTANT_CONVERSION = YES;
				CLANG_WARN_DEPRECATED_OBJC_IMPLEMENTATIONS = YES;
				CLANG_WARN_DIRECT_OBJC_ISA_USAGE = YES_ERROR;
				CLANG_WARN_DOCUMENTATION_COMMENTS = YES;
				CLANG_WARN_EMPTY_BODY = YES;
				CLANG_WARN_ENUM_CONVERSION = YES;
				CLANG_WARN_INFINITE_RECURSION = YES;
				CLANG_WARN_INT_CONVERSION = YES;
				CLANG_WARN_NON_LITERAL_NULL_CONVERSION = YES;
				CLANG_WARN_OBJC_IMPLICIT_RETAIN_SELF = YES;
				CLANG_WARN_OBJC_LITERAL_CONVERSION = YES;
				CLANG_WARN_OBJC_ROOT_CLASS = YES_ERROR;
				CLANG_WARN_RANGE_LOOP_ANALYSIS = YES;
				CLANG_WARN_STRICT_PROTOTYPES = YES;
				CLANG_WARN_SUSPICIOUS_MOVE = YES;
				CLANG_WARN_UNGUARDED_AVAILABILITY = YES_AGGRESSIVE;
				CLANG_WARN_UNREACHABLE_CODE = YES;
				CLANG_WARN__DUPLICATE_METHOD_MATCH = YES;
				CODE_SIGN_IDENTITY = "iPhone Developer";
				COPY_PHASE_STRIP = NO;
				DEBUG_INFORMATION_FORMAT = dwarf;
				ENABLE_STRICT_OBJC_MSGSEND = YES;
				ENABLE_TESTABILITY = YES;
				GCC_C_LANGUAGE_STANDARD = gnu11;
				GCC_DYNAMIC_NO_PIC = NO;
				GCC_NO_COMMON_BLOCKS = YES;
				GCC_OPTIMIZATION_LEVEL = 0;
				GCC_PREPROCESSOR_DEFINITIONS = (
					"DEBUG=1",
					"$(inherited)",
				);
				GCC_WARN_64_TO_32_BIT_CONVERSION = YES;
				GCC_WARN_ABOUT_RETURN_TYPE = YES_ERROR;
				GCC_WARN_UNDECLARED_SELECTOR = YES;
				GCC_WARN_UNINITIALIZED_AUTOS = YES_AGGRESSIVE;
				GCC_WARN_UNUSED_FUNCTION = YES;
				GCC_WARN_UNUSED_VARIABLE = YES;
				IPHONEOS_DEPLOYMENT_TARGET = 11.4;
				MTL_ENABLE_DEBUG_INFO = YES;
				ONLY_ACTIVE_ARCH = YES;
				SDKROOT = iphoneos;
				SWIFT_ACTIVE_COMPILATION_CONDITIONS = DEBUG;
				SWIFT_OPTIMIZATION_LEVEL = "-Onone";
			};
			name = Debug;
		};
		5AFF8EB8235A4ECA0022F582 /* Release */ = {
			isa = XCBuildConfiguration;
			buildSettings = {
				ALWAYS_SEARCH_USER_PATHS = NO;
				CLANG_ANALYZER_NONNULL = YES;
				CLANG_ANALYZER_NUMBER_OBJECT_CONVERSION = YES_AGGRESSIVE;
				CLANG_CXX_LANGUAGE_STANDARD = "gnu++14";
				CLANG_CXX_LIBRARY = "libc++";
				CLANG_ENABLE_MODULES = YES;
				CLANG_ENABLE_OBJC_ARC = YES;
				CLANG_ENABLE_OBJC_WEAK = YES;
				CLANG_WARN_BLOCK_CAPTURE_AUTORELEASING = YES;
				CLANG_WARN_BOOL_CONVERSION = YES;
				CLANG_WARN_COMMA = YES;
				CLANG_WARN_CONSTANT_CONVERSION = YES;
				CLANG_WARN_DEPRECATED_OBJC_IMPLEMENTATIONS = YES;
				CLANG_WARN_DIRECT_OBJC_ISA_USAGE = YES_ERROR;
				CLANG_WARN_DOCUMENTATION_COMMENTS = YES;
				CLANG_WARN_EMPTY_BODY = YES;
				CLANG_WARN_ENUM_CONVERSION = YES;
				CLANG_WARN_INFINITE_RECURSION = YES;
				CLANG_WARN_INT_CONVERSION = YES;
				CLANG_WARN_NON_LITERAL_NULL_CONVERSION = YES;
				CLANG_WARN_OBJC_IMPLICIT_RETAIN_SELF = YES;
				CLANG_WARN_OBJC_LITERAL_CONVERSION = YES;
				CLANG_WARN_OBJC_ROOT_CLASS = YES_ERROR;
				CLANG_WARN_RANGE_LOOP_ANALYSIS = YES;
				CLANG_WARN_STRICT_PROTOTYPES = YES;
				CLANG_WARN_SUSPICIOUS_MOVE = YES;
				CLANG_WARN_UNGUARDED_AVAILABILITY = YES_AGGRESSIVE;
				CLANG_WARN_UNREACHABLE_CODE = YES;
				CLANG_WARN__DUPLICATE_METHOD_MATCH = YES;
				CODE_SIGN_IDENTITY = "iPhone Developer";
				COPY_PHASE_STRIP = NO;
				DEBUG_INFORMATION_FORMAT = "dwarf-with-dsym";
				ENABLE_NS_ASSERTIONS = NO;
				ENABLE_STRICT_OBJC_MSGSEND = YES;
				GCC_C_LANGUAGE_STANDARD = gnu11;
				GCC_NO_COMMON_BLOCKS = YES;
				GCC_WARN_64_TO_32_BIT_CONVERSION = YES;
				GCC_WARN_ABOUT_RETURN_TYPE = YES_ERROR;
				GCC_WARN_UNDECLARED_SELECTOR = YES;
				GCC_WARN_UNINITIALIZED_AUTOS = YES_AGGRESSIVE;
				GCC_WARN_UNUSED_FUNCTION = YES;
				GCC_WARN_UNUSED_VARIABLE = YES;
				IPHONEOS_DEPLOYMENT_TARGET = 11.4;
				MTL_ENABLE_DEBUG_INFO = NO;
				SDKROOT = iphoneos;
				SWIFT_COMPILATION_MODE = wholemodule;
				SWIFT_OPTIMIZATION_LEVEL = "-O";
				VALIDATE_PRODUCT = YES;
			};
			name = Release;
		};
		5AFF8EBA235A4ECA0022F582 /* Debug */ = {
			isa = XCBuildConfiguration;
			buildSettings = {
				ASSETCATALOG_COMPILER_APPICON_NAME = AppIcon;
				CODE_SIGN_STYLE = Automatic;
				DEVELOPMENT_TEAM = P8R6X98N97;
				INFOPLIST_FILE = flixster/Info.plist;
				LD_RUNPATH_SEARCH_PATHS = (
					"$(inherited)",
					"@executable_path/Frameworks",
				);
				PRODUCT_BUNDLE_IDENTIFIER = divyanagaraj.flixster;
				PRODUCT_NAME = "$(TARGET_NAME)";
				SWIFT_VERSION = 4.0;
				TARGETED_DEVICE_FAMILY = "1,2";
			};
			name = Debug;
		};
		5AFF8EBB235A4ECA0022F582 /* Release */ = {
			isa = XCBuildConfiguration;
			buildSettings = {
				ASSETCATALOG_COMPILER_APPICON_NAME = AppIcon;
				CODE_SIGN_STYLE = Automatic;
				DEVELOPMENT_TEAM = P8R6X98N97;
				INFOPLIST_FILE = flixster/Info.plist;
				LD_RUNPATH_SEARCH_PATHS = (
					"$(inherited)",
					"@executable_path/Frameworks",
				);
				PRODUCT_BUNDLE_IDENTIFIER = divyanagaraj.flixster;
				PRODUCT_NAME = "$(TARGET_NAME)";
				SWIFT_VERSION = 4.0;
				TARGETED_DEVICE_FAMILY = "1,2";
			};
			name = Release;
		};
		5AFF8EBD235A4ECA0022F582 /* Debug */ = {
			isa = XCBuildConfiguration;
			buildSettings = {
				ALWAYS_EMBED_SWIFT_STANDARD_LIBRARIES = YES;
				BUNDLE_LOADER = "$(TEST_HOST)";
				CODE_SIGN_STYLE = Automatic;
				DEVELOPMENT_TEAM = P8R6X98N97;
				INFOPLIST_FILE = flixsterTests/Info.plist;
				LD_RUNPATH_SEARCH_PATHS = (
					"$(inherited)",
					"@executable_path/Frameworks",
					"@loader_path/Frameworks",
				);
				PRODUCT_BUNDLE_IDENTIFIER = divyanagaraj.flixsterTests;
				PRODUCT_NAME = "$(TARGET_NAME)";
				SWIFT_VERSION = 4.0;
				TARGETED_DEVICE_FAMILY = "1,2";
				TEST_HOST = "$(BUILT_PRODUCTS_DIR)/flixster.app/flixster";
			};
			name = Debug;
		};
		5AFF8EBE235A4ECA0022F582 /* Release */ = {
			isa = XCBuildConfiguration;
			buildSettings = {
				ALWAYS_EMBED_SWIFT_STANDARD_LIBRARIES = YES;
				BUNDLE_LOADER = "$(TEST_HOST)";
				CODE_SIGN_STYLE = Automatic;
				DEVELOPMENT_TEAM = P8R6X98N97;
				INFOPLIST_FILE = flixsterTests/Info.plist;
				LD_RUNPATH_SEARCH_PATHS = (
					"$(inherited)",
					"@executable_path/Frameworks",
					"@loader_path/Frameworks",
				);
				PRODUCT_BUNDLE_IDENTIFIER = divyanagaraj.flixsterTests;
				PRODUCT_NAME = "$(TARGET_NAME)";
				SWIFT_VERSION = 4.0;
				TARGETED_DEVICE_FAMILY = "1,2";
				TEST_HOST = "$(BUILT_PRODUCTS_DIR)/flixster.app/flixster";
			};
			name = Release;
		};
		5AFF8EC0235A4ECA0022F582 /* Debug */ = {
			isa = XCBuildConfiguration;
			buildSettings = {
				ALWAYS_EMBED_SWIFT_STANDARD_LIBRARIES = YES;
				CODE_SIGN_STYLE = Automatic;
				DEVELOPMENT_TEAM = P8R6X98N97;
				INFOPLIST_FILE = flixsterUITests/Info.plist;
				LD_RUNPATH_SEARCH_PATHS = (
					"$(inherited)",
					"@executable_path/Frameworks",
					"@loader_path/Frameworks",
				);
				PRODUCT_BUNDLE_IDENTIFIER = divyanagaraj.flixsterUITests;
				PRODUCT_NAME = "$(TARGET_NAME)";
				SWIFT_VERSION = 4.0;
				TARGETED_DEVICE_FAMILY = "1,2";
				TEST_TARGET_NAME = flixster;
			};
			name = Debug;
		};
		5AFF8EC1235A4ECA0022F582 /* Release */ = {
			isa = XCBuildConfiguration;
			buildSettings = {
				ALWAYS_EMBED_SWIFT_STANDARD_LIBRARIES = YES;
				CODE_SIGN_STYLE = Automatic;
				DEVELOPMENT_TEAM = P8R6X98N97;
				INFOPLIST_FILE = flixsterUITests/Info.plist;
				LD_RUNPATH_SEARCH_PATHS = (
					"$(inherited)",
					"@executable_path/Frameworks",
					"@loader_path/Frameworks",
				);
				PRODUCT_BUNDLE_IDENTIFIER = divyanagaraj.flixsterUITests;
				PRODUCT_NAME = "$(TARGET_NAME)";
				SWIFT_VERSION = 4.0;
				TARGETED_DEVICE_FAMILY = "1,2";
				TEST_TARGET_NAME = flixster;
			};
			name = Release;
		};
/* End XCBuildConfiguration section */

/* Begin XCConfigurationList section */
		5AFF8E8C235A4EC80022F582 /* Build configuration list for PBXProject "flixster" */ = {
			isa = XCConfigurationList;
			buildConfigurations = (
				5AFF8EB7235A4ECA0022F582 /* Debug */,
				5AFF8EB8235A4ECA0022F582 /* Release */,
			);
			defaultConfigurationIsVisible = 0;
			defaultConfigurationName = Release;
		};
		5AFF8EB9235A4ECA0022F582 /* Build configuration list for PBXNativeTarget "flixster" */ = {
			isa = XCConfigurationList;
			buildConfigurations = (
				5AFF8EBA235A4ECA0022F582 /* Debug */,
				5AFF8EBB235A4ECA0022F582 /* Release */,
			);
			defaultConfigurationIsVisible = 0;
			defaultConfigurationName = Release;
		};
		5AFF8EBC235A4ECA0022F582 /* Build configuration list for PBXNativeTarget "flixsterTests" */ = {
			isa = XCConfigurationList;
			buildConfigurations = (
				5AFF8EBD235A4ECA0022F582 /* Debug */,
				5AFF8EBE235A4ECA0022F582 /* Release */,
			);
			defaultConfigurationIsVisible = 0;
			defaultConfigurationName = Release;
		};
		5AFF8EBF235A4ECA0022F582 /* Build configuration list for PBXNativeTarget "flixsterUITests" */ = {
			isa = XCConfigurationList;
			buildConfigurations = (
				5AFF8EC0235A4ECA0022F582 /* Debug */,
				5AFF8EC1235A4ECA0022F582 /* Release */,
			);
			defaultConfigurationIsVisible = 0;
			defaultConfigurationName = Release;
		};
/* End XCConfigurationList section */
	};
	rootObject = 5AFF8E89235A4EC80022F582 /* Project object */;
}
